
Microsoft Visual Studio Solution File, Format Version 12.00
# Visual Studio Version 17
VisualStudioVersion = 17.2.32616.157
MinimumVisualStudioVersion = 10.0.40219.1
Project("{FAE04EC0-301F-11D3-BF4B-00C04F79EFBC}") = "MicrocontrollerSimulation", "MicrocontrollerSimulation\MicrocontrollerSimulation.csproj", "{FE3EF152-3298-4E81-8F05-1519455FAB12}"
EndProject
Global
	GlobalSection(SolutionConfigurationPlatforms) = preSolution
		Debug|Any CPU = Debug|Any CPU
		Release|Any CPU = Release|Any CPU
	EndGlobalSection
	GlobalSection(ProjectConfigurationPlatforms) = postSolution
		{FE3EF152-3298-4E81-8F05-1519455FAB12}.Debug|Any CPU.ActiveCfg = Debug|Any CPU
		{FE3EF152-3298-4E81-8F05-1519455FAB12}.Debug|Any CPU.Build.0 = Debug|Any CPU
		{FE3EF152-3298-4E81-8F05-1519455FAB12}.Release|Any CPU.ActiveCfg = Release|Any CPU
		{FE3EF152-3298-4E81-8F05-1519455FAB12}.Release|Any CPU.Build.0 = Release|Any CPU
	EndGlobalSection
	GlobalSection(SolutionProperties) = preSolution
		HideSolutionNode = FALSE
	EndGlobalSection
	GlobalSection(ExtensibilityGlobals) = postSolution
		SolutionGuid = {9232F2E0-5F88-4CDC-9F3D-3B7F346AD5EB}
	EndGlobalSection
EndGlobal
